
Microsoft Visual Studio Solution File, Format Version 12.00
# Visual Studio Version 17
VisualStudioVersion = 17.4.33205.214
MinimumVisualStudioVersion = 10.0.40219.1
Project("{FAE04EC0-301F-11D3-BF4B-00C04F79EFBC}") = "Forecast.Weather.UWP", "Forecast.Weather\Forecast.Weather.UWP\Forecast.Weather.UWP.csproj", "{198EA934-42ED-42AE-922D-A630F13B7430}"
EndProject
Project("{FAE04EC0-301F-11D3-BF4B-00C04F79EFBC}") = "Forecast.Weather.Android", "Forecast.Weather\Forecast.Weather.Android\Forecast.Weather.Android.csproj", "{53EF1952-49D5-4FD8-BD29-5A5E71E8C607}"
EndProject
Project("{FAE04EC0-301F-11D3-BF4B-00C04F79EFBC}") = "Forecast.Weather.iOS", "Forecast.Weather\Forecast.Weather.iOS\Forecast.Weather.iOS.csproj", "{C314BFA8-B875-41E0-A029-CD9580E5D0CB}"
EndProject
Project("{FAE04EC0-301F-11D3-BF4B-00C04F79EFBC}") = "Forecast.Weather", "Forecast.Weather\Forecast.Weather\Forecast.Weather.csproj", "{DC4080F8-FF01-44DF-9DF5-B8395D11EA76}"
EndProject
Global
	GlobalSection(SolutionConfigurationPlatforms) = preSolution
		Debug|Any CPU = Debug|Any CPU
		Debug|ARM = Debug|ARM
		Debug|iPhone = Debug|iPhone
		Debug|iPhoneSimulator = Debug|iPhoneSimulator
		Debug|x64 = Debug|x64
		Debug|x86 = Debug|x86
		Release|Any CPU = Release|Any CPU
		Release|ARM = Release|ARM
		Release|iPhone = Release|iPhone
		Release|iPhoneSimulator = Release|iPhoneSimulator
		Release|x64 = Release|x64
		Release|x86 = Release|x86
	EndGlobalSection
	GlobalSection(ProjectConfigurationPlatforms) = postSolution
		{198EA934-42ED-42AE-922D-A630F13B7430}.Debug|Any CPU.ActiveCfg = Debug|x64
		{198EA934-42ED-42AE-922D-A630F13B7430}.Debug|Any CPU.Build.0 = Debug|x64
		{198EA934-42ED-42AE-922D-A630F13B7430}.Debug|Any CPU.Deploy.0 = Debug|x64
		{198EA934-42ED-42AE-922D-A630F13B7430}.Debug|ARM.ActiveCfg = Debug|ARM
		{198EA934-42ED-42AE-922D-A630F13B7430}.Debug|ARM.Build.0 = Debug|ARM
		{198EA934-42ED-42AE-922D-A630F13B7430}.Debug|ARM.Deploy.0 = Debug|ARM
		{198EA934-42ED-42AE-922D-A630F13B7430}.Debug|iPhone.ActiveCfg = Debug|x64
		{198EA934-42ED-42AE-922D-A630F13B7430}.Debug|iPhone.Build.0 = Debug|x64
		{198EA934-42ED-42AE-922D-A630F13B7430}.Debug|iPhone.Deploy.0 = Debug|x64
		{198EA934-42ED-42AE-922D-A630F13B7430}.Debug|iPhoneSimulator.ActiveCfg = Debug|x64
		{198EA934-42ED-42AE-922D-A630F13B7430}.Debug|iPhoneSimulator.Build.0 = Debug|x64
		{198EA934-42ED-42AE-922D-A630F13B7430}.Debug|iPhoneSimulator.Deploy.0 = Debug|x64
		{198EA934-42ED-42AE-922D-A630F13B7430}.Debug|x64.ActiveCfg = Debug|x64
		{198EA934-42ED-42AE-922D-A630F13B7430}.Debug|x64.Build.0 = Debug|x64
		{198EA934-42ED-42AE-922D-A630F13B7430}.Debug|x64.Deploy.0 = Debug|x64
		{198EA934-42ED-42AE-922D-A630F13B7430}.Debug|x86.ActiveCfg = Debug|x86
		{198EA934-42ED-42AE-922D-A630F13B7430}.Debug|x86.Build.0 = Debug|x86
		{198EA934-42ED-42AE-922D-A630F13B7430}.Debug|x86.Deploy.0 = Debug|x86
		{198EA934-42ED-42AE-922D-A630F13B7430}.Release|Any CPU.ActiveCfg = Release|x64
		{198EA934-42ED-42AE-922D-A630F13B7430}.Release|Any CPU.Build.0 = Release|x64
		{198EA934-42ED-42AE-922D-A630F13B7430}.Release|Any CPU.Deploy.0 = Release|x64
		{198EA934-42ED-42AE-922D-A630F13B7430}.Release|ARM.ActiveCfg = Release|ARM
		{198EA934-42ED-42AE-922D-A630F13B7430}.Release|ARM.Build.0 = Release|ARM
		{198EA934-42ED-42AE-922D-A630F13B7430}.Release|ARM.Deploy.0 = Release|ARM
		{198EA934-42ED-42AE-922D-A630F13B7430}.Release|iPhone.ActiveCfg = Release|x64
		{198EA934-42ED-42AE-922D-A630F13B7430}.Release|iPhone.Build.0 = Release|x64
		{198EA934-42ED-42AE-922D-A630F13B7430}.Release|iPhone.Deploy.0 = Release|x64
		{198EA934-42ED-42AE-922D-A630F13B7430}.Release|iPhoneSimulator.ActiveCfg = Release|x64
		{198EA934-42ED-42AE-922D-A630F13B7430}.Release|iPhoneSimulator.Build.0 = Release|x64
		{198EA934-42ED-42AE-922D-A630F13B7430}.Release|iPhoneSimulator.Deploy.0 = Release|x64
		{198EA934-42ED-42AE-922D-A630F13B7430}.Release|x64.ActiveCfg = Release|x64
		{198EA934-42ED-42AE-922D-A630F13B7430}.Release|x64.Build.0 = Release|x64
		{198EA934-42ED-42AE-922D-A630F13B7430}.Release|x64.Deploy.0 = Release|x64
		{198EA934-42ED-42AE-922D-A630F13B7430}.Release|x86.ActiveCfg = Release|x86
		{198EA934-42ED-42AE-922D-A630F13B7430}.Release|x86.Build.0 = Release|x86
		{198EA934-42ED-42AE-922D-A630F13B7430}.Release|x86.Deploy.0 = Release|x86
		{53EF1952-49D5-4FD8-BD29-5A5E71E8C607}.Debug|Any CPU.ActiveCfg = Debug|Any CPU
		{53EF1952-49D5-4FD8-BD29-5A5E71E8C607}.Debug|Any CPU.Build.0 = Debug|Any CPU
		{53EF1952-49D5-4FD8-BD29-5A5E71E8C607}.Debug|Any CPU.Deploy.0 = Debug|Any CPU
		{53EF1952-49D5-4FD8-BD29-5A5E71E8C607}.Debug|ARM.ActiveCfg = Debug|Any CPU
		{53EF1952-49D5-4FD8-BD29-5A5E71E8C607}.Debug|ARM.Build.0 = Debug|Any CPU
		{53EF1952-49D5-4FD8-BD29-5A5E71E8C607}.Debug|ARM.Deploy.0 = Debug|Any CPU
		{53EF1952-49D5-4FD8-BD29-5A5E71E8C607}.Debug|iPhone.ActiveCfg = Debug|Any CPU
		{53EF1952-49D5-4FD8-BD29-5A5E71E8C607}.Debug|iPhone.Build.0 = Debug|Any CPU
		{53EF1952-49D5-4FD8-BD29-5A5E71E8C607}.Debug|iPhone.Deploy.0 = Debug|Any CPU
		{53EF1952-49D5-4FD8-BD29-5A5E71E8C607}.Debug|iPhoneSimulator.ActiveCfg = Debug|Any CPU
		{53EF1952-49D5-4FD8-BD29-5A5E71E8C607}.Debug|iPhoneSimulator.Build.0 = Debug|Any CPU
		{53EF1952-49D5-4FD8-BD29-5A5E71E8C607}.Debug|iPhoneSimulator.Deploy.0 = Debug|Any CPU
		{53EF1952-49D5-4FD8-BD29-5A5E71E8C607}.Debug|x64.ActiveCfg = Debug|Any CPU
		{53EF1952-49D5-4FD8-BD29-5A5E71E8C607}.Debug|x64.Build.0 = Debug|Any CPU
		{53EF1952-49D5-4FD8-BD29-5A5E71E8C607}.Debug|x64.Deploy.0 = Debug|Any CPU
		{53EF1952-49D5-4FD8-BD29-5A5E71E8C607}.Debug|x86.ActiveCfg = Debug|Any CPU
		{53EF1952-49D5-4FD8-BD29-5A5E71E8C607}.Debug|x86.Build.0 = Debug|Any CPU
		{53EF1952-49D5-4FD8-BD29-5A5E71E8C607}.Debug|x86.Deploy.0 = Debug|Any CPU
		{53EF1952-49D5-4FD8-BD29-5A5E71E8C607}.Release|Any CPU.ActiveCfg = Release|Any CPU
		{53EF1952-49D5-4FD8-BD29-5A5E71E8C607}.Release|Any CPU.Build.0 = Release|Any CPU
		{53EF1952-49D5-4FD8-BD29-5A5E71E8C607}.Release|Any CPU.Deploy.0 = Release|Any CPU
		{53EF1952-49D5-4FD8-BD29-5A5E71E8C607}.Release|ARM.ActiveCfg = Release|Any CPU
		{53EF1952-49D5-4FD8-BD29-5A5E71E8C607}.Release|ARM.Build.0 = Release|Any CPU
		{53EF1952-49D5-4FD8-BD29-5A5E71E8C607}.Release|ARM.Deploy.0 = Release|Any CPU
		{53EF1952-49D5-4FD8-BD29-5A5E71E8C607}.Release|iPhone.ActiveCfg = Release|Any CPU
		{53EF1952-49D5-4FD8-BD29-5A5E71E8C607}.Release|iPhone.Build.0 = Release|Any CPU
		{53EF1952-49D5-4FD8-BD29-5A5E71E8C607}.Release|iPhone.Deploy.0 = Release|Any CPU
		{53EF1952-49D5-4FD8-BD29-5A5E71E8C607}.Release|iPhoneSimulator.ActiveCfg = Release|Any CPU
		{53EF1952-49D5-4FD8-BD29-5A5E71E8C607}.Release|iPhoneSimulator.Build.0 = Release|Any CPU
		{53EF1952-49D5-4FD8-BD29-5A5E71E8C607}.Release|iPhoneSimulator.Deploy.0 = Release|Any CPU
		{53EF1952-49D5-4FD8-BD29-5A5E71E8C607}.Release|x64.ActiveCfg = Release|Any CPU
		{53EF1952-49D5-4FD8-BD29-5A5E71E8C607}.Release|x64.Build.0 = Release|Any CPU
		{53EF1952-49D5-4FD8-BD29-5A5E71E8C607}.Release|x64.Deploy.0 = Release|Any CPU
		{53EF1952-49D5-4FD8-BD29-5A5E71E8C607}.Release|x86.ActiveCfg = Release|Any CPU
		{53EF1952-49D5-4FD8-BD29-5A5E71E8C607}.Release|x86.Build.0 = Release|Any CPU
		{53EF1952-49D5-4FD8-BD29-5A5E71E8C607}.Release|x86.Deploy.0 = Release|Any CPU
		{C314BFA8-B875-41E0-A029-CD9580E5D0CB}.Debug|Any CPU.ActiveCfg = Debug|iPhoneSimulator
		{C314BFA8-B875-41E0-A029-CD9580E5D0CB}.Debug|Any CPU.Build.0 = Debug|iPhoneSimulator
		{C314BFA8-B875-41E0-A029-CD9580E5D0CB}.Debug|Any CPU.Deploy.0 = Debug|iPhoneSimulator
		{C314BFA8-B875-41E0-A029-CD9580E5D0CB}.Debug|ARM.ActiveCfg = Debug|iPhoneSimulator
		{C314BFA8-B875-41E0-A029-CD9580E5D0CB}.Debug|ARM.Build.0 = Debug|iPhoneSimulator
		{C314BFA8-B875-41E0-A029-CD9580E5D0CB}.Debug|ARM.Deploy.0 = Debug|iPhoneSimulator
		{C314BFA8-B875-41E0-A029-CD9580E5D0CB}.Debug|iPhone.ActiveCfg = Debug|iPhone
		{C314BFA8-B875-41E0-A029-CD9580E5D0CB}.Debug|iPhone.Build.0 = Debug|iPhone
		{C314BFA8-B875-41E0-A029-CD9580E5D0CB}.Debug|iPhone.Deploy.0 = Debug|iPhone
		{C314BFA8-B875-41E0-A029-CD9580E5D0CB}.Debug|iPhoneSimulator.ActiveCfg = Debug|iPhoneSimulator
		{C314BFA8-B875-41E0-A029-CD9580E5D0CB}.Debug|iPhoneSimulator.Build.0 = Debug|iPhoneSimulator
		{C314BFA8-B875-41E0-A029-CD9580E5D0CB}.Debug|iPhoneSimulator.Deploy.0 = Debug|iPhoneSimulator
		{C314BFA8-B875-41E0-A029-CD9580E5D0CB}.Debug|x64.ActiveCfg = Debug|iPhone
		{C314BFA8-B875-41E0-A029-CD9580E5D0CB}.Debug|x64.Build.0 = Debug|iPhone
		{C314BFA8-B875-41E0-A029-CD9580E5D0CB}.Debug|x64.Deploy.0 = Debug|iPhone
		{C314BFA8-B875-41E0-A029-CD9580E5D0CB}.Debug|x86.ActiveCfg = Debug|iPhoneSimulator
		{C314BFA8-B875-41E0-A029-CD9580E5D0CB}.Debug|x86.Build.0 = Debug|iPhoneSimulator
		{C314BFA8-B875-41E0-A029-CD9580E5D0CB}.Debug|x86.Deploy.0 = Debug|iPhoneSimulator
		{C314BFA8-B875-41E0-A029-CD9580E5D0CB}.Release|Any CPU.ActiveCfg = Release|iPhoneSimulator
		{C314BFA8-B875-41E0-A029-CD9580E5D0CB}.Release|Any CPU.Build.0 = Release|iPhoneSimulator
		{C314BFA8-B875-41E0-A029-CD9580E5D0CB}.Release|Any CPU.Deploy.0 = Release|iPhoneSimulator
		{C314BFA8-B875-41E0-A029-CD9580E5D0CB}.Release|ARM.ActiveCfg = Release|iPhoneSimulator
		{C314BFA8-B875-41E0-A029-CD9580E5D0CB}.Release|ARM.Build.0 = Release|iPhoneSimulator
		{C314BFA8-B875-41E0-A029-CD9580E5D0CB}.Release|ARM.Deploy.0 = Release|iPhoneSimulator
		{C314BFA8-B875-41E0-A029-CD9580E5D0CB}.Release|iPhone.ActiveCfg = Release|iPhone
		{C314BFA8-B875-41E0-A029-CD9580E5D0CB}.Release|iPhone.Build.0 = Release|iPhone
		{C314BFA8-B875-41E0-A029-CD9580E5D0CB}.Release|iPhone.Deploy.0 = Release|iPhone
		{C314BFA8-B875-41E0-A029-CD9580E5D0CB}.Release|iPhoneSimulator.ActiveCfg = Release|iPhoneSimulator
		{C314BFA8-B875-41E0-A029-CD9580E5D0CB}.Release|iPhoneSimulator.Build.0 = Release|iPhoneSimulator
		{C314BFA8-B875-41E0-A029-CD9580E5D0CB}.Release|iPhoneSimulator.Deploy.0 = Release|iPhoneSimulator
		{C314BFA8-B875-41E0-A029-CD9580E5D0CB}.Release|x64.ActiveCfg = Release|iPhoneSimulator
		{C314BFA8-B875-41E0-A029-CD9580E5D0CB}.Release|x64.Build.0 = Release|iPhoneSimulator
		{C314BFA8-B875-41E0-A029-CD9580E5D0CB}.Release|x64.Deploy.0 = Release|iPhoneSimulator
		{C314BFA8-B875-41E0-A029-CD9580E5D0CB}.Release|x86.ActiveCfg = Release|iPhoneSimulator
		{C314BFA8-B875-41E0-A029-CD9580E5D0CB}.Release|x86.Build.0 = Release|iPhoneSimulator
		{C314BFA8-B875-41E0-A029-CD9580E5D0CB}.Release|x86.Deploy.0 = Release|iPhoneSimulator
		{DC4080F8-FF01-44DF-9DF5-B8395D11EA76}.Debug|Any CPU.ActiveCfg = Debug|Any CPU
		{DC4080F8-FF01-44DF-9DF5-B8395D11EA76}.Debug|Any CPU.Build.0 = Debug|Any CPU
		{DC4080F8-FF01-44DF-9DF5-B8395D11EA76}.Debug|Any CPU.Deploy.0 = Debug|Any CPU
		{DC4080F8-FF01-44DF-9DF5-B8395D11EA76}.Debug|ARM.ActiveCfg = Debug|Any CPU
		{DC4080F8-FF01-44DF-9DF5-B8395D11EA76}.Debug|ARM.Build.0 = Debug|Any CPU
		{DC4080F8-FF01-44DF-9DF5-B8395D11EA76}.Debug|ARM.Deploy.0 = Debug|Any CPU
		{DC4080F8-FF01-44DF-9DF5-B8395D11EA76}.Debug|iPhone.ActiveCfg = Debug|Any CPU
		{DC4080F8-FF01-44DF-9DF5-B8395D11EA76}.Debug|iPhone.Build.0 = Debug|Any CPU
		{DC4080F8-FF01-44DF-9DF5-B8395D11EA76}.Debug|iPhone.Deploy.0 = Debug|Any CPU
		{DC4080F8-FF01-44DF-9DF5-B8395D11EA76}.Debug|iPhoneSimulator.ActiveCfg = Debug|Any CPU
		{DC4080F8-FF01-44DF-9DF5-B8395D11EA76}.Debug|iPhoneSimulator.Build.0 = Debug|Any CPU
		{DC4080F8-FF01-44DF-9DF5-B8395D11EA76}.Debug|iPhoneSimulator.Deploy.0 = Debug|Any CPU
		{DC4080F8-FF01-44DF-9DF5-B8395D11EA76}.Debug|x64.ActiveCfg = Debug|Any CPU
		{DC4080F8-FF01-44DF-9DF5-B8395D11EA76}.Debug|x64.Build.0 = Debug|Any CPU
		{DC4080F8-FF01-44DF-9DF5-B8395D11EA76}.Debug|x64.Deploy.0 = Debug|Any CPU
		{DC4080F8-FF01-44DF-9DF5-B8395D11EA76}.Debug|x86.ActiveCfg = Debug|Any CPU
		{DC4080F8-FF01-44DF-9DF5-B8395D11EA76}.Debug|x86.Build.0 = Debug|Any CPU
		{DC4080F8-FF01-44DF-9DF5-B8395D11EA76}.Debug|x86.Deploy.0 = Debug|Any CPU
		{DC4080F8-FF01-44DF-9DF5-B8395D11EA76}.Release|Any CPU.ActiveCfg = Release|Any CPU
		{DC4080F8-FF01-44DF-9DF5-B8395D11EA76}.Release|Any CPU.Build.0 = Release|Any CPU
		{DC4080F8-FF01-44DF-9DF5-B8395D11EA76}.Release|Any CPU.Deploy.0 = Release|Any CPU
		{DC4080F8-FF01-44DF-9DF5-B8395D11EA76}.Release|ARM.ActiveCfg = Release|Any CPU
		{DC4080F8-FF01-44DF-9DF5-B8395D11EA76}.Release|ARM.Build.0 = Release|Any CPU
		{DC4080F8-FF01-44DF-9DF5-B8395D11EA76}.Release|ARM.Deploy.0 = Release|Any CPU
		{DC4080F8-FF01-44DF-9DF5-B8395D11EA76}.Release|iPhone.ActiveCfg = Release|Any CPU
		{DC4080F8-FF01-44DF-9DF5-B8395D11EA76}.Release|iPhone.Build.0 = Release|Any CPU
		{DC4080F8-FF01-44DF-9DF5-B8395D11EA76}.Release|iPhone.Deploy.0 = Release|Any CPU
		{DC4080F8-FF01-44DF-9DF5-B8395D11EA76}.Release|iPhoneSimulator.ActiveCfg = Release|Any CPU
		{DC4080F8-FF01-44DF-9DF5-B8395D11EA76}.Release|iPhoneSimulator.Build.0 = Release|Any CPU
		{DC4080F8-FF01-44DF-9DF5-B8395D11EA76}.Release|iPhoneSimulator.Deploy.0 = Release|Any CPU
		{DC4080F8-FF01-44DF-9DF5-B8395D11EA76}.Release|x64.ActiveCfg = Release|Any CPU
		{DC4080F8-FF01-44DF-9DF5-B8395D11EA76}.Release|x64.Build.0 = Release|Any CPU
		{DC4080F8-FF01-44DF-9DF5-B8395D11EA76}.Release|x64.Deploy.0 = Release|Any CPU
		{DC4080F8-FF01-44DF-9DF5-B8395D11EA76}.Release|x86.ActiveCfg = Release|Any CPU
		{DC4080F8-FF01-44DF-9DF5-B8395D11EA76}.Release|x86.Build.0 = Release|Any CPU
		{DC4080F8-FF01-44DF-9DF5-B8395D11EA76}.Release|x86.Deploy.0 = Release|Any CPU
	EndGlobalSection
	GlobalSection(SolutionProperties) = preSolution
		HideSolutionNode = FALSE
	EndGlobalSection
	GlobalSection(ExtensibilityGlobals) = postSolution
		SolutionGuid = {37761741-71C1-4540-A213-63BFCB013C31}
	EndGlobalSection
EndGlobal
